
Microsoft Visual Studio Solution File, Format Version 12.00
# Visual Studio Version 16
VisualStudioVersion = 16.0.30011.22
MinimumVisualStudioVersion = 10.0.40219.1
Project("{FAE04EC0-301F-11D3-BF4B-00C04F79EFBC}") = "HealthCare", "HealthCare\HealthCare.csproj", "{61B48C43-39E4-4F2B-91D9-75DAC3202373}"
EndProject
Global
	GlobalSection(SolutionConfigurationPlatforms) = preSolution
		Debug|Any CPU = Debug|Any CPU
		Release|Any CPU = Release|Any CPU
	EndGlobalSection
	GlobalSection(ProjectConfigurationPlatforms) = postSolution
		{61B48C43-39E4-4F2B-91D9-75DAC3202373}.Debug|Any CPU.ActiveCfg = Debug|Any CPU
		{61B48C43-39E4-4F2B-91D9-75DAC3202373}.Debug|Any CPU.Build.0 = Debug|Any CPU
		{61B48C43-39E4-4F2B-91D9-75DAC3202373}.Release|Any CPU.ActiveCfg = Release|Any CPU
		{61B48C43-39E4-4F2B-91D9-75DAC3202373}.Release|Any CPU.Build.0 = Release|Any CPU
	EndGlobalSection
	GlobalSection(SolutionProperties) = preSolution
		HideSolutionNode = FALSE
	EndGlobalSection
	GlobalSection(ExtensibilityGlobals) = postSolution
		SolutionGuid = {AB0E6F81-1CBD-44C4-A77E-5ACE088AC3B2}
	EndGlobalSection
EndGlobal
